
Microsoft Visual Studio Solution File, Format Version 12.00
# Visual Studio Version 17
VisualStudioVersion = 17.4.33122.133
MinimumVisualStudioVersion = 10.0.40219.1
Project("{FAE04EC0-301F-11D3-BF4B-00C04F79EFBC}") = "MoodAnalyzer", "MoodAnalyzer\MoodAnalyzer.csproj", "{9ECBAFEF-A081-448C-80CA-0D71D07566DE}"
EndProject
Project("{FAE04EC0-301F-11D3-BF4B-00C04F79EFBC}") = "MoodAnalyserTest", "MoodAnalyserTest\MoodAnalyserTest.csproj", "{C72C10F4-E3DD-4D73-BE6C-523BEB663AB0}"
EndProject
Global
	GlobalSection(SolutionConfigurationPlatforms) = preSolution
		Debug|Any CPU = Debug|Any CPU
		Release|Any CPU = Release|Any CPU
	EndGlobalSection
	GlobalSection(ProjectConfigurationPlatforms) = postSolution
		{9ECBAFEF-A081-448C-80CA-0D71D07566DE}.Debug|Any CPU.ActiveCfg = Debug|Any CPU
		{9ECBAFEF-A081-448C-80CA-0D71D07566DE}.Debug|Any CPU.Build.0 = Debug|Any CPU
		{9ECBAFEF-A081-448C-80CA-0D71D07566DE}.Release|Any CPU.ActiveCfg = Release|Any CPU
		{9ECBAFEF-A081-448C-80CA-0D71D07566DE}.Release|Any CPU.Build.0 = Release|Any CPU
		{C72C10F4-E3DD-4D73-BE6C-523BEB663AB0}.Debug|Any CPU.ActiveCfg = Debug|Any CPU
		{C72C10F4-E3DD-4D73-BE6C-523BEB663AB0}.Debug|Any CPU.Build.0 = Debug|Any CPU
		{C72C10F4-E3DD-4D73-BE6C-523BEB663AB0}.Release|Any CPU.ActiveCfg = Release|Any CPU
		{C72C10F4-E3DD-4D73-BE6C-523BEB663AB0}.Release|Any CPU.Build.0 = Release|Any CPU
	EndGlobalSection
	GlobalSection(SolutionProperties) = preSolution
		HideSolutionNode = FALSE
	EndGlobalSection
	GlobalSection(ExtensibilityGlobals) = postSolution
		SolutionGuid = {8421B03B-6555-4751-BD2A-7BF9E3BD0E64}
	EndGlobalSection
EndGlobal
